# This file is automatically @generated by Poetry 1.8.4 and should not be changed by hand.

[[package]]
name = "pymupdf"
version = "1.25.0"
description = "A high performance Python library for data extraction, analysis, conversion & manipulation of PDF (and other) documents."
optional = false
python-versions = ">=3.9"
files = [
    {file = "pymupdf-1.25.0-cp39-abi3-macosx_10_9_x86_64.whl", hash = "sha256:d12a4a7d4456b2c09afb674428be2021b87a3c4afbae7f717d5d7e805a30a989"},
    {file = "pymupdf-1.25.0-cp39-abi3-macosx_11_0_arm64.whl", hash = "sha256:227ea293734b92fc1f49a01ffebe0f3d212bc0ec3be7e2db172088b8eaff5a4a"},
    {file = "pymupdf-1.25.0-cp39-abi3-manylinux2014_aarch64.manylinux_2_17_aarch64.whl", hash = "sha256:2e0eea2fcd7cbf84c8a18ec6744d9f92b81552df2974e40498baf41ec0dc557b"},
    {file = "pymupdf-1.25.0-cp39-abi3-manylinux2014_x86_64.manylinux_2_17_x86_64.whl", hash = "sha256:62b8673a2348c1b63874d2b1e93ee29e66892e7ca8311df9c7f4a9aa1d89caed"},
    {file = "pymupdf-1.25.0-cp39-abi3-musllinux_1_2_x86_64.whl", hash = "sha256:e9d9e15af0fe389e15d605574f953df304d6037ce7cb4dca8b7cdec34d0694a3"},
    {file = "pymupdf-1.25.0-cp39-abi3-win32.whl", hash = "sha256:cada9ebc14ae99253639e9d752f2e1cb8a62af813626c4391c62d39c41f8a43a"},
    {file = "pymupdf-1.25.0-cp39-abi3-win_amd64.whl", hash = "sha256:148800b9b14f2f48b5fc8f9213aeb94e272f1af4b533deeabe0e561d3bd334bf"},
    {file = "pymupdf-1.25.0.tar.gz", hash = "sha256:9e5a33816e4b85ed6a01545cada2b866fc280a3b6478bb8e19c364532adf6692"},
]

[metadata]
lock-version = "2.0"
python-versions = "^3.9"
content-hash = "0b31c81c67702609719e8f9f81768c0dcdc0bed5d29434ec43d9d1920824075d"
